<?xml version="1.0" encoding="utf-8"?>
<Project ToolsVersion="4.0" xmlns="http://schemas.microsoft.com/developer/msbuild/2003">
  <ItemGroup>
    <Filter Include="Source Files">
      <UniqueIdentifier>{4FC737F1-C7A5-4376-A066-2A32D752A2FF}</UniqueIdentifier>
      <Extensions>cpp;c;cc;cxx;c++;cppm;ixx;def;odl;idl;hpj;bat;asm;asmx</Extensions>
    </Filter>
    <Filter Include="Header Files">
      <UniqueIdentifier>{93995380-89BD-4b04-88EB-625FBE52EBFB}</UniqueIdentifier>
      <Extensions>h;hh;hpp;hxx;h++;hm;inl;inc;ipp;xsd</Extensions>
    </Filter>
    <Filter Include="Resource Files">
      <UniqueIdentifier>{67DA6AB6-F800-4c08-8B7A-83BB121AAD01}</UniqueIdentifier>
      <Extensions>rc;ico;cur;bmp;dlg;rc2;rct;bin;rgs;gif;jpg;jpeg;jpe;resx;tiff;tif;png;wav;mfcribbon-ms</Extensions>
    </Filter>
    <Filter Include="Source Files\ch8">
      <UniqueIdentifier>{baf652a4-5c9e-4a86-a964-16a2be0be3b6}</UniqueIdentifier>
    </Filter>
    <Filter Include="Source Files\ch9">
      <UniqueIdentifier>{5b9cbdd5-20cb-4777-8e33-403abee7f76e}</UniqueIdentifier>
    </Filter>
    <Filter Include="Source Files\ch10">
      <UniqueIdentifier>{0b4784cc-ebe2-40b7-84f2-d8892dbd2b0a}</UniqueIdentifier>
    </Filter>
    <Filter Include="Source Files\ch11">
      <UniqueIdentifier>{80eccb26-f771-40bc-8a3b-55ec9685de9b}</UniqueIdentifier>
    </Filter>
    <Filter Include="Source Files\ch12">
      <UniqueIdentifier>{12cc8f77-d81a-4c1c-8172-4695491a8ac4}</UniqueIdentifier>
    </Filter>
    <Filter Include="Source Files\ch7">
      <UniqueIdentifier>{f09c3cd9-6669-4e07-885e-ea18ccca244f}</UniqueIdentifier>
    </Filter>
  </ItemGroup>
  <ItemGroup>
    <ClCompile Include="8.1.cpp">
      <Filter>Source Files\ch8</Filter>
    </ClCompile>
    <ClCompile Include="8.4.cpp">
      <Filter>Source Files\ch8</Filter>
    </ClCompile>
    <ClCompile Include="8.5.cpp">
      <Filter>Source Files\ch8</Filter>
    </ClCompile>
    <ClCompile Include="8.6.cpp">
      <Filter>Source Files\ch8</Filter>
    </ClCompile>
    <ClCompile Include="8.7.cpp">
      <Filter>Source Files\ch8</Filter>
    </ClCompile>
    <ClCompile Include="8.8.cpp">
      <Filter>Source Files\ch8</Filter>
    </ClCompile>
    <ClCompile Include="8.9.cpp">
      <Filter>Source Files\ch8</Filter>
    </ClCompile>
    <ClCompile Include="8.10.cpp">
      <Filter>Source Files\ch8</Filter>
    </ClCompile>
    <ClCompile Include="8.11.cpp">
      <Filter>Source Files\ch8</Filter>
    </ClCompile>
    <ClCompile Include="8.13.cpp">
      <Filter>Source Files\ch8</Filter>
    </ClCompile>
    <ClCompile Include="9.2.cpp">
      <Filter>Source Files\ch9</Filter>
    </ClCompile>
    <ClCompile Include="9.4.cpp">
      <Filter>Source Files\ch9</Filter>
    </ClCompile>
    <ClCompile Include="9.5.cpp">
      <Filter>Source Files\ch9</Filter>
    </ClCompile>
    <ClCompile Include="9.11.cpp">
      <Filter>Source Files\ch9</Filter>
    </ClCompile>
    <ClCompile Include="9.13.cpp">
      <Filter>Source Files\ch9</Filter>
    </ClCompile>
    <ClCompile Include="9.14.cpp">
      <Filter>Source Files\ch9</Filter>
    </ClCompile>
    <ClCompile Include="9.15.cpp">
      <Filter>Source Files\ch9</Filter>
    </ClCompile>
    <ClCompile Include="9.16.cpp">
      <Filter>Source Files\ch9</Filter>
    </ClCompile>
    <ClCompile Include="9.18.cpp">
      <Filter>Source Files\ch9</Filter>
    </ClCompile>
    <ClCompile Include="9.19.cpp">
      <Filter>Source Files\ch9</Filter>
    </ClCompile>
    <ClCompile Include="9.20.cpp">
      <Filter>Source Files\ch9</Filter>
    </ClCompile>
    <ClCompile Include="9.24.cpp">
      <Filter>Source Files\ch9</Filter>
    </ClCompile>
    <ClCompile Include="9.25.cpp">
      <Filter>Source Files\ch9</Filter>
    </ClCompile>
    <ClCompile Include="9.26.cpp">
      <Filter>Source Files\ch9</Filter>
    </ClCompile>
    <ClCompile Include="9.27.cpp">
      <Filter>Source Files\ch9</Filter>
    </ClCompile>
    <ClCompile Include="9.28.cpp">
      <Filter>Source Files\ch9</Filter>
    </ClCompile>
    <ClCompile Include="9.31.cpp">
      <Filter>Source Files\ch9</Filter>
    </ClCompile>
    <ClCompile Include="9.33.cpp">
      <Filter>Source Files\ch9</Filter>
    </ClCompile>
    <ClCompile Include="9.34.cpp">
      <Filter>Source Files\ch9</Filter>
    </ClCompile>
    <ClCompile Include="9.38.cpp">
      <Filter>Source Files\ch9</Filter>
    </ClCompile>
    <ClCompile Include="9.39.cpp">
      <Filter>Source Files\ch9</Filter>
    </ClCompile>
    <ClCompile Include="9.41.cpp">
      <Filter>Source Files\ch9</Filter>
    </ClCompile>
    <ClCompile Include="9.50.cpp">
      <Filter>Source Files\ch9</Filter>
    </ClCompile>
    <ClCompile Include="9.51.cpp">
      <Filter>Source Files\ch9</Filter>
    </ClCompile>
    <ClCompile Include="9.52.cpp">
      <Filter>Source Files\ch9</Filter>
    </ClCompile>
    <ClCompile Include="10.1.cpp">
      <Filter>Source Files\ch10</Filter>
    </ClCompile>
    <ClCompile Include="10.2.cpp">
      <Filter>Source Files\ch10</Filter>
    </ClCompile>
    <ClCompile Include="10.3.cpp">
      <Filter>Source Files\ch10</Filter>
    </ClCompile>
    <ClCompile Include="10.5.cpp">
      <Filter>Source Files\ch10</Filter>
    </ClCompile>
    <ClCompile Include="10.6.cpp">
      <Filter>Source Files\ch10</Filter>
    </ClCompile>
    <ClCompile Include="10.7.cpp">
      <Filter>Source Files\ch10</Filter>
    </ClCompile>
    <ClCompile Include="10.9.cpp">
      <Filter>Source Files\ch10</Filter>
    </ClCompile>
    <ClCompile Include="10.11.cpp">
      <Filter>Source Files\ch10</Filter>
    </ClCompile>
    <ClCompile Include="10.12.cpp">
      <Filter>Source Files\ch10</Filter>
    </ClCompile>
    <ClCompile Include="10.13.cpp">
      <Filter>Source Files\ch10</Filter>
    </ClCompile>
    <ClCompile Include="10.14.cpp">
      <Filter>Source Files\ch10</Filter>
    </ClCompile>
    <ClCompile Include="10.15.cpp">
      <Filter>Source Files\ch10</Filter>
    </ClCompile>
    <ClCompile Include="10.16.cpp">
      <Filter>Source Files\ch10</Filter>
    </ClCompile>
    <ClCompile Include="10.17.cpp">
      <Filter>Source Files\ch10</Filter>
    </ClCompile>
    <ClCompile Include="10.18.cpp">
      <Filter>Source Files\ch10</Filter>
    </ClCompile>
    <ClCompile Include="10.19.cpp">
      <Filter>Source Files\ch10</Filter>
    </ClCompile>
    <ClCompile Include="10.20.cpp">
      <Filter>Source Files\ch10</Filter>
    </ClCompile>
    <ClCompile Include="10.21.cpp">
      <Filter>Source Files\ch10</Filter>
    </ClCompile>
    <ClCompile Include="10.22.cpp">
      <Filter>Source Files\ch10</Filter>
    </ClCompile>
    <ClCompile Include="10.24.cpp">
      <Filter>Source Files\ch10</Filter>
    </ClCompile>
    <ClCompile Include="10.25.cpp">
      <Filter>Source Files\ch10</Filter>
    </ClCompile>
    <ClCompile Include="10.27.cpp">
      <Filter>Source Files\ch10</Filter>
    </ClCompile>
    <ClCompile Include="10.28.cpp">
      <Filter>Source Files\ch10</Filter>
    </ClCompile>
    <ClCompile Include="10.29.cpp">
      <Filter>Source Files\ch10</Filter>
    </ClCompile>
    <ClCompile Include="10.30.cpp">
      <Filter>Source Files\ch10</Filter>
    </ClCompile>
    <ClCompile Include="10.31.cpp">
      <Filter>Source Files\ch10</Filter>
    </ClCompile>
    <ClCompile Include="10.34.cpp">
      <Filter>Source Files\ch10</Filter>
    </ClCompile>
    <ClCompile Include="10.35.cpp">
      <Filter>Source Files\ch10</Filter>
    </ClCompile>
    <ClCompile Include="10.36.cpp">
      <Filter>Source Files\ch10</Filter>
    </ClCompile>
    <ClCompile Include="10.37.cpp">
      <Filter>Source Files\ch10</Filter>
    </ClCompile>
    <ClCompile Include="11.3.cpp">
      <Filter>Source Files\ch11</Filter>
    </ClCompile>
    <ClCompile Include="11.4.cpp">
      <Filter>Source Files\ch11</Filter>
    </ClCompile>
    <ClCompile Include="11.7.cpp">
      <Filter>Source Files\ch11</Filter>
    </ClCompile>
    <ClCompile Include="11.8.cpp">
      <Filter>Source Files\ch11</Filter>
    </ClCompile>
    <ClCompile Include="11.9.cpp">
      <Filter>Source Files\ch11</Filter>
    </ClCompile>
    <ClCompile Include="11.11.cpp">
      <Filter>Source Files\ch11</Filter>
    </ClCompile>
    <ClCompile Include="11.12.cpp">
      <Filter>Source Files\ch11</Filter>
    </ClCompile>
    <ClCompile Include="11.13.cpp">
      <Filter>Source Files\ch11</Filter>
    </ClCompile>
    <ClCompile Include="11.14.cpp">
      <Filter>Source Files\ch11</Filter>
    </ClCompile>
    <ClCompile Include="11.16.cpp">
      <Filter>Source Files\ch11</Filter>
    </ClCompile>
    <ClCompile Include="11.17.cpp">
      <Filter>Source Files\ch11</Filter>
    </ClCompile>
    <ClCompile Include="11.19.cpp">
      <Filter>Source Files\ch11</Filter>
    </ClCompile>
    <ClCompile Include="11.20.cpp">
      <Filter>Source Files\ch11</Filter>
    </ClCompile>
    <ClCompile Include="11.21.cpp">
      <Filter>Source Files\ch11</Filter>
    </ClCompile>
    <ClCompile Include="11.23.cpp">
      <Filter>Source Files\ch11</Filter>
    </ClCompile>
    <ClCompile Include="11.28.cpp">
      <Filter>Source Files\ch11</Filter>
    </ClCompile>
    <ClCompile Include="11.29.cpp">
      <Filter>Source Files\ch11</Filter>
    </ClCompile>
    <ClCompile Include="11.31.cpp">
      <Filter>Source Files\ch11</Filter>
    </ClCompile>
    <ClCompile Include="11.32.cpp">
      <Filter>Source Files\ch11</Filter>
    </ClCompile>
    <ClCompile Include="11.33.cpp">
      <Filter>Source Files\ch11</Filter>
    </ClCompile>
    <ClCompile Include="11.381.cpp">
      <Filter>Source Files\ch11</Filter>
    </ClCompile>
    <ClCompile Include="11.382.cpp">
      <Filter>Source Files\ch11</Filter>
    </ClCompile>
    <ClCompile Include="12.2.cpp">
      <Filter>Source Files\ch12</Filter>
    </ClCompile>
    <ClCompile Include="12.6.cpp">
      <Filter>Source Files\ch12</Filter>
    </ClCompile>
    <ClCompile Include="12.7.cpp">
      <Filter>Source Files\ch12</Filter>
    </ClCompile>
    <ClCompile Include="12.11.cpp">
      <Filter>Source Files\ch12</Filter>
    </ClCompile>
    <ClCompile Include="12.12.cpp">
      <Filter>Source Files\ch12</Filter>
    </ClCompile>
    <ClCompile Include="12.14.cpp">
      <Filter>Source Files\ch12</Filter>
    </ClCompile>
    <ClCompile Include="12.15.cpp">
      <Filter>Source Files\ch12</Filter>
    </ClCompile>
    <ClCompile Include="12.16.cpp">
      <Filter>Source Files\ch12</Filter>
    </ClCompile>
    <ClCompile Include="12.17.cpp">
      <Filter>Source Files\ch12</Filter>
    </ClCompile>
    <ClCompile Include="12.19.cpp">
      <Filter>Source Files\ch12</Filter>
    </ClCompile>
    <ClCompile Include="12.23.cpp">
      <Filter>Source Files\ch12</Filter>
    </ClCompile>
    <ClCompile Include="12.24.cpp">
      <Filter>Source Files\ch12</Filter>
    </ClCompile>
    <ClCompile Include="12.26.cpp">
      <Filter>Source Files\ch12</Filter>
    </ClCompile>
    <ClCompile Include="7.1.cpp">
      <Filter>Source Files\ch7</Filter>
    </ClCompile>
    <ClCompile Include="7.2.cpp">
      <Filter>Source Files\ch7</Filter>
    </ClCompile>
    <ClCompile Include="7.4.cpp">
      <Filter>Source Files\ch7</Filter>
    </ClCompile>
    <ClCompile Include="7.5.cpp">
      <Filter>Source Files\ch7</Filter>
    </ClCompile>
    <ClCompile Include="7.6.cpp">
      <Filter>Source Files\ch7</Filter>
    </ClCompile>
    <ClCompile Include="7.11.cpp">
      <Filter>Source Files\ch7</Filter>
    </ClCompile>
    <ClCompile Include="7.12.cpp">
      <Filter>Source Files\ch7</Filter>
    </ClCompile>
    <ClCompile Include="7.14.cpp">
      <Filter>Source Files\ch7</Filter>
    </ClCompile>
    <ClCompile Include="7.15.cpp">
      <Filter>Source Files\ch7</Filter>
    </ClCompile>
    <ClCompile Include="7.19.cpp">
      <Filter>Source Files\ch7</Filter>
    </ClCompile>
    <ClCompile Include="7.21.cpp">
      <Filter>Source Files\ch7</Filter>
    </ClCompile>
    <ClCompile Include="7.22.cpp">
      <Filter>Source Files\ch7</Filter>
    </ClCompile>
    <ClCompile Include="7.23.cpp">
      <Filter>Source Files\ch7</Filter>
    </ClCompile>
  </ItemGroup>
  <ItemGroup>
    <Text Include="8.2.txt">
      <Filter>Source Files\ch8</Filter>
    </Text>
    <Text Include="8.3.txt">
      <Filter>Source Files\ch8</Filter>
    </Text>
    <Text Include="input.txt">
      <Filter>Source Files\ch8</Filter>
    </Text>
    <Text Include="output.txt">
      <Filter>Source Files\ch8</Filter>
    </Text>
    <Text Include="8.12.txt">
      <Filter>Source Files\ch8</Filter>
    </Text>
    <Text Include="8.14.txt">
      <Filter>Source Files\ch8</Filter>
    </Text>
    <Text Include="9.1.txt">
      <Filter>Source Files\ch9</Filter>
    </Text>
    <Text Include="9.3.txt">
      <Filter>Source Files\ch9</Filter>
    </Text>
    <Text Include="9.6.txt">
      <Filter>Source Files\ch9</Filter>
    </Text>
    <Text Include="9.7.txt">
      <Filter>Source Files\ch9</Filter>
    </Text>
    <Text Include="9.8.txt">
      <Filter>Source Files\ch9</Filter>
    </Text>
    <Text Include="9.9.txt">
      <Filter>Source Files\ch9</Filter>
    </Text>
    <Text Include="9.10.txt">
      <Filter>Source Files\ch9</Filter>
    </Text>
    <Text Include="9.12.txt">
      <Filter>Source Files\ch9</Filter>
    </Text>
    <Text Include="9.17.txt">
      <Filter>Source Files\ch9</Filter>
    </Text>
    <Text Include="9.21.txt">
      <Filter>Source Files\ch9</Filter>
    </Text>
    <Text Include="9.22.txt">
      <Filter>Source Files\ch9</Filter>
    </Text>
    <Text Include="9.23.txt">
      <Filter>Source Files\ch9</Filter>
    </Text>
    <Text Include="9.29.txt">
      <Filter>Source Files\ch9</Filter>
    </Text>
    <Text Include="9.30.txt">
      <Filter>Source Files\ch9</Filter>
    </Text>
    <Text Include="9.32.txt">
      <Filter>Source Files\ch9</Filter>
    </Text>
    <Text Include="9.35.txt">
      <Filter>Source Files\ch9</Filter>
    </Text>
    <Text Include="9.36.txt">
      <Filter>Source Files\ch9</Filter>
    </Text>
    <Text Include="9.37.txt">
      <Filter>Source Files\ch9</Filter>
    </Text>
    <Text Include="9.40.txt">
      <Filter>Source Files\ch9</Filter>
    </Text>
    <Text Include="9.42.txt">
      <Filter>Source Files\ch9</Filter>
    </Text>
    <Text Include="9.43-9.50.txt">
      <Filter>Source Files\ch9</Filter>
    </Text>
    <Text Include="10.4.txt">
      <Filter>Source Files\ch10</Filter>
    </Text>
    <Text Include="10.8.txt">
      <Filter>Source Files\ch10</Filter>
    </Text>
    <Text Include="10.10.txt">
      <Filter>Source Files\ch10</Filter>
    </Text>
    <Text Include="10.23.txt">
      <Filter>Source Files\ch10</Filter>
    </Text>
    <Text Include="10.26.txt">
      <Filter>Source Files\ch10</Filter>
    </Text>
    <Text Include="10.29.txt">
      <Filter>Source Files\ch10</Filter>
    </Text>
    <Text Include="10.38.txt">
      <Filter>Source Files\ch10</Filter>
    </Text>
    <Text Include="10.39.txt">
      <Filter>Source Files\ch10</Filter>
    </Text>
    <Text Include="10.40.txt">
      <Filter>Source Files\ch10</Filter>
    </Text>
    <Text Include="10.41.txt">
      <Filter>Source Files\ch10</Filter>
    </Text>
    <Text Include="11.1.txt">
      <Filter>Source Files\ch11</Filter>
    </Text>
    <Text Include="11.2.txt">
      <Filter>Source Files\ch11</Filter>
    </Text>
    <Text Include="11.5.txt">
      <Filter>Source Files\ch11</Filter>
    </Text>
    <Text Include="11.6.txt">
      <Filter>Source Files\ch11</Filter>
    </Text>
    <Text Include="11.10.txt">
      <Filter>Source Files\ch11</Filter>
    </Text>
    <Text Include="11.15.txt">
      <Filter>Source Files\ch11</Filter>
    </Text>
    <Text Include="11.18.txt">
      <Filter>Source Files\ch11</Filter>
    </Text>
    <Text Include="11.22.txt">
      <Filter>Source Files\ch11</Filter>
    </Text>
    <Text Include="11.24.txt">
      <Filter>Source Files\ch11</Filter>
    </Text>
    <Text Include="11.25.txt">
      <Filter>Source Files\ch11</Filter>
    </Text>
    <Text Include="11.26.txt">
      <Filter>Source Files\ch11</Filter>
    </Text>
    <Text Include="11.27.txt">
      <Filter>Source Files\ch11</Filter>
    </Text>
    <Text Include="11.30.txt">
      <Filter>Source Files\ch11</Filter>
    </Text>
    <Text Include="11.33rule.txt">
      <Filter>Source Files\ch11</Filter>
    </Text>
    <Text Include="11.33text.txt">
      <Filter>Source Files\ch11</Filter>
    </Text>
    <Text Include="11.34.txt">
      <Filter>Source Files\ch11</Filter>
    </Text>
    <Text Include="11.35.txt">
      <Filter>Source Files\ch11</Filter>
    </Text>
    <Text Include="11.36.txt">
      <Filter>Source Files\ch11</Filter>
    </Text>
    <Text Include="11.37.txt">
      <Filter>Source Files\ch11</Filter>
    </Text>
    <Text Include="12.1.txt">
      <Filter>Source Files\ch12</Filter>
    </Text>
    <Text Include="12.3.txt">
      <Filter>Source Files\ch12</Filter>
    </Text>
    <Text Include="12.4.txt">
      <Filter>Source Files\ch12</Filter>
    </Text>
    <Text Include="12.8.txt">
      <Filter>Source Files\ch12</Filter>
    </Text>
    <Text Include="12.9.txt">
      <Filter>Source Files\ch12</Filter>
    </Text>
    <Text Include="12.10.txt">
      <Filter>Source Files\ch12</Filter>
    </Text>
    <Text Include="12.13.txt">
      <Filter>Source Files\ch12</Filter>
    </Text>
    <Text Include="12.18.txt">
      <Filter>Source Files\ch12</Filter>
    </Text>
    <Text Include="12.25.txt">
      <Filter>Source Files\ch12</Filter>
    </Text>
    <Text Include="7.8.txt">
      <Filter>Source Files\ch7</Filter>
    </Text>
    <Text Include="7.10.txt">
      <Filter>Source Files\ch7</Filter>
    </Text>
    <Text Include="7.16.txt">
      <Filter>Source Files\ch7</Filter>
    </Text>
    <Text Include="7.17.txt">
      <Filter>Source Files\ch7</Filter>
    </Text>
    <Text Include="7.18.txt">
      <Filter>Source Files\ch7</Filter>
    </Text>
    <Text Include="7.20.txt">
      <Filter>Source Files\ch7</Filter>
    </Text>
  </ItemGroup>
</Project>