<?xml version="1.0" encoding="utf-8"?>
<Project ToolsVersion="4.0" xmlns="http://schemas.microsoft.com/developer/msbuild/2003">
  <ItemGroup>
    <Filter Include="Source Files">
      <UniqueIdentifier>{4FC737F1-C7A5-4376-A066-2A32D752A2FF}</UniqueIdentifier>
      <Extensions>cpp;c;cc;cxx;c++;cppm;ixx;def;odl;idl;hpj;bat;asm;asmx</Extensions>
    </Filter>
    <Filter Include="Header Files">
      <UniqueIdentifier>{93995380-89BD-4b04-88EB-625FBE52EBFB}</UniqueIdentifier>
      <Extensions>h;hh;hpp;hxx;h++;hm;inl;inc;ipp;xsd</Extensions>
    </Filter>
    <Filter Include="Resource Files">
      <UniqueIdentifier>{67DA6AB6-F800-4c08-8B7A-83BB121AAD01}</UniqueIdentifier>
      <Extensions>rc;ico;cur;bmp;dlg;rc2;rct;bin;rgs;gif;jpg;jpeg;jpe;resx;tiff;tif;png;wav;mfcribbon-ms</Extensions>
    </Filter>
    <Filter Include="Source Files\ch8">
      <UniqueIdentifier>{baf652a4-5c9e-4a86-a964-16a2be0be3b6}</UniqueIdentifier>
    </Filter>
    <Filter Include="Source Files\ch9">
      <UniqueIdentifier>{5b9cbdd5-20cb-4777-8e33-403abee7f76e}</UniqueIdentifier>
    </Filter>
    <Filter Include="Source Files\ch10">
      <UniqueIdentifier>{0b4784cc-ebe2-40b7-84f2-d8892dbd2b0a}</UniqueIdentifier>
    </Filter>
  </ItemGroup>
  <ItemGroup>
    <ClCompile Include="8.1.cpp">
      <Filter>Source Files\ch8</Filter>
    </ClCompile>
    <ClCompile Include="8.4.cpp">
      <Filter>Source Files\ch8</Filter>
    </ClCompile>
    <ClCompile Include="8.5.cpp">
      <Filter>Source Files\ch8</Filter>
    </ClCompile>
    <ClCompile Include="8.6.cpp">
      <Filter>Source Files\ch8</Filter>
    </ClCompile>
    <ClCompile Include="8.7.cpp">
      <Filter>Source Files\ch8</Filter>
    </ClCompile>
    <ClCompile Include="8.8.cpp">
      <Filter>Source Files\ch8</Filter>
    </ClCompile>
    <ClCompile Include="8.9.cpp">
      <Filter>Source Files\ch8</Filter>
    </ClCompile>
    <ClCompile Include="8.10.cpp">
      <Filter>Source Files\ch8</Filter>
    </ClCompile>
    <ClCompile Include="8.11.cpp">
      <Filter>Source Files\ch8</Filter>
    </ClCompile>
    <ClCompile Include="8.13.cpp">
      <Filter>Source Files\ch8</Filter>
    </ClCompile>
    <ClCompile Include="9.2.cpp">
      <Filter>Source Files\ch9</Filter>
    </ClCompile>
    <ClCompile Include="9.4.cpp">
      <Filter>Source Files\ch9</Filter>
    </ClCompile>
    <ClCompile Include="9.5.cpp">
      <Filter>Source Files\ch9</Filter>
    </ClCompile>
    <ClCompile Include="9.11.cpp">
      <Filter>Source Files\ch9</Filter>
    </ClCompile>
    <ClCompile Include="9.13.cpp">
      <Filter>Source Files\ch9</Filter>
    </ClCompile>
    <ClCompile Include="9.14.cpp">
      <Filter>Source Files\ch9</Filter>
    </ClCompile>
    <ClCompile Include="9.15.cpp">
      <Filter>Source Files\ch9</Filter>
    </ClCompile>
    <ClCompile Include="9.16.cpp">
      <Filter>Source Files\ch9</Filter>
    </ClCompile>
    <ClCompile Include="9.18.cpp">
      <Filter>Source Files\ch9</Filter>
    </ClCompile>
    <ClCompile Include="9.19.cpp">
      <Filter>Source Files\ch9</Filter>
    </ClCompile>
    <ClCompile Include="9.20.cpp">
      <Filter>Source Files\ch9</Filter>
    </ClCompile>
    <ClCompile Include="9.24.cpp">
      <Filter>Source Files\ch9</Filter>
    </ClCompile>
    <ClCompile Include="9.25.cpp">
      <Filter>Source Files\ch9</Filter>
    </ClCompile>
    <ClCompile Include="9.26.cpp">
      <Filter>Source Files\ch9</Filter>
    </ClCompile>
    <ClCompile Include="9.27.cpp">
      <Filter>Source Files\ch9</Filter>
    </ClCompile>
    <ClCompile Include="9.28.cpp">
      <Filter>Source Files\ch9</Filter>
    </ClCompile>
    <ClCompile Include="9.31.cpp">
      <Filter>Source Files\ch9</Filter>
    </ClCompile>
    <ClCompile Include="9.33.cpp">
      <Filter>Source Files\ch9</Filter>
    </ClCompile>
    <ClCompile Include="9.34.cpp">
      <Filter>Source Files\ch9</Filter>
    </ClCompile>
    <ClCompile Include="9.38.cpp">
      <Filter>Source Files\ch9</Filter>
    </ClCompile>
    <ClCompile Include="9.39.cpp">
      <Filter>Source Files\ch9</Filter>
    </ClCompile>
    <ClCompile Include="9.41.cpp">
      <Filter>Source Files\ch9</Filter>
    </ClCompile>
    <ClCompile Include="9.50.cpp">
      <Filter>Source Files\ch9</Filter>
    </ClCompile>
    <ClCompile Include="9.51.cpp">
      <Filter>Source Files\ch9</Filter>
    </ClCompile>
    <ClCompile Include="9.52.cpp">
      <Filter>Source Files\ch9</Filter>
    </ClCompile>
    <ClCompile Include="10.1.cpp">
      <Filter>Source Files\ch10</Filter>
    </ClCompile>
    <ClCompile Include="10.2.cpp">
      <Filter>Source Files\ch10</Filter>
    </ClCompile>
    <ClCompile Include="10.3.cpp">
      <Filter>Source Files\ch10</Filter>
    </ClCompile>
    <ClCompile Include="10.5.cpp">
      <Filter>Source Files\ch10</Filter>
    </ClCompile>
    <ClCompile Include="10.6.cpp">
      <Filter>Source Files\ch10</Filter>
    </ClCompile>
    <ClCompile Include="10.7.cpp">
      <Filter>Source Files\ch10</Filter>
    </ClCompile>
    <ClCompile Include="10.9.cpp">
      <Filter>Source Files\ch10</Filter>
    </ClCompile>
    <ClCompile Include="10.11.cpp">
      <Filter>Source Files\ch10</Filter>
    </ClCompile>
    <ClCompile Include="10.12.cpp">
      <Filter>Source Files\ch10</Filter>
    </ClCompile>
    <ClCompile Include="10.13.cpp">
      <Filter>Source Files\ch10</Filter>
    </ClCompile>
    <ClCompile Include="10.14.cpp">
      <Filter>Source Files\ch10</Filter>
    </ClCompile>
    <ClCompile Include="10.15.cpp">
      <Filter>Source Files\ch10</Filter>
    </ClCompile>
    <ClCompile Include="10.16.cpp">
      <Filter>Source Files\ch10</Filter>
    </ClCompile>
    <ClCompile Include="10.17.cpp">
      <Filter>Source Files\ch10</Filter>
    </ClCompile>
    <ClCompile Include="10.18.cpp">
      <Filter>Source Files\ch10</Filter>
    </ClCompile>
    <ClCompile Include="10.19.cpp">
      <Filter>Source Files\ch10</Filter>
    </ClCompile>
    <ClCompile Include="10.20.cpp">
      <Filter>Source Files\ch10</Filter>
    </ClCompile>
    <ClCompile Include="10.21.cpp">
      <Filter>Source Files\ch10</Filter>
    </ClCompile>
    <ClCompile Include="10.22.cpp">
      <Filter>Source Files\ch10</Filter>
    </ClCompile>
    <ClCompile Include="10.24.cpp">
      <Filter>Source Files\ch10</Filter>
    </ClCompile>
    <ClCompile Include="10.25.cpp">
      <Filter>Source Files\ch10</Filter>
    </ClCompile>
  </ItemGroup>
  <ItemGroup>
    <Text Include="8.2.txt">
      <Filter>Source Files\ch8</Filter>
    </Text>
    <Text Include="8.3.txt">
      <Filter>Source Files\ch8</Filter>
    </Text>
    <Text Include="input.txt">
      <Filter>Source Files\ch8</Filter>
    </Text>
    <Text Include="output.txt">
      <Filter>Source Files\ch8</Filter>
    </Text>
    <Text Include="8.12.txt">
      <Filter>Source Files\ch8</Filter>
    </Text>
    <Text Include="8.14.txt">
      <Filter>Source Files\ch8</Filter>
    </Text>
    <Text Include="9.1.txt">
      <Filter>Source Files\ch9</Filter>
    </Text>
    <Text Include="9.3.txt">
      <Filter>Source Files\ch9</Filter>
    </Text>
    <Text Include="9.6.txt">
      <Filter>Source Files\ch9</Filter>
    </Text>
    <Text Include="9.7.txt">
      <Filter>Source Files\ch9</Filter>
    </Text>
    <Text Include="9.8.txt">
      <Filter>Source Files\ch9</Filter>
    </Text>
    <Text Include="9.9.txt">
      <Filter>Source Files\ch9</Filter>
    </Text>
    <Text Include="9.10.txt">
      <Filter>Source Files\ch9</Filter>
    </Text>
    <Text Include="9.12.txt">
      <Filter>Source Files\ch9</Filter>
    </Text>
    <Text Include="9.17.txt">
      <Filter>Source Files\ch9</Filter>
    </Text>
    <Text Include="9.21.txt">
      <Filter>Source Files\ch9</Filter>
    </Text>
    <Text Include="9.22.txt">
      <Filter>Source Files\ch9</Filter>
    </Text>
    <Text Include="9.23.txt">
      <Filter>Source Files\ch9</Filter>
    </Text>
    <Text Include="9.29.txt">
      <Filter>Source Files\ch9</Filter>
    </Text>
    <Text Include="9.30.txt">
      <Filter>Source Files\ch9</Filter>
    </Text>
    <Text Include="9.32.txt">
      <Filter>Source Files\ch9</Filter>
    </Text>
    <Text Include="9.35.txt">
      <Filter>Source Files\ch9</Filter>
    </Text>
    <Text Include="9.36.txt">
      <Filter>Source Files\ch9</Filter>
    </Text>
    <Text Include="9.37.txt">
      <Filter>Source Files\ch9</Filter>
    </Text>
    <Text Include="9.40.txt">
      <Filter>Source Files\ch9</Filter>
    </Text>
    <Text Include="9.42.txt">
      <Filter>Source Files\ch9</Filter>
    </Text>
    <Text Include="9.43-9.50.txt">
      <Filter>Source Files\ch9</Filter>
    </Text>
    <Text Include="10.4.txt">
      <Filter>Source Files\ch10</Filter>
    </Text>
    <Text Include="10.8.txt">
      <Filter>Source Files\ch10</Filter>
    </Text>
    <Text Include="10.10.txt">
      <Filter>Source Files\ch10</Filter>
    </Text>
    <Text Include="10.23.txt">
      <Filter>Source Files\ch10</Filter>
    </Text>
  </ItemGroup>
</Project>